// !$*UTF8*$!
{
	archiveVersion = 1;
	classes = {
	};
	objectVersion = 56;
	objects = {

/* Begin PBXBuildFile section */
		A0000200 /* Swift2AriaApp.swift in Sources */ = {isa = PBXBuildFile; fileRef = A0000100 /* Swift2AriaApp.swift */; };
		A0000201 /* ContentView.swift in Sources */ = {isa = PBXBuildFile; fileRef = A0000101 /* ContentView.swift */; };
		A0000202 /* AddDownloadView.swift in Sources */ = {isa = PBXBuildFile; fileRef = A0000102 /* AddDownloadView.swift */; };
		A0000203 /* DownloadRow.swift in Sources */ = {isa = PBXBuildFile; fileRef = A0000103 /* DownloadRow.swift */; };
		A0000204 /* SettingsView.swift in Sources */ = {isa = PBXBuildFile; fileRef = A0000104 /* SettingsView.swift */; };
		A0000205 /* Download.swift in Sources */ = {isa = PBXBuildFile; fileRef = A0000105 /* Download.swift */; };
		A0000206 /* Aria2RPC.swift in Sources */ = {isa = PBXBuildFile; fileRef = A0000106 /* Aria2RPC.swift */; };
		A0000207 /* Aria2Daemon.swift in Sources */ = {isa = PBXBuildFile; fileRef = A0000107 /* Aria2Daemon.swift */; };
		A0000208 /* Aria2Manager.swift in Sources */ = {isa = PBXBuildFile; fileRef = A0000108 /* Aria2Manager.swift */; };
		A0000209 /* Assets.xcassets in Resources */ = {isa = PBXBuildFile; fileRef = A0000109 /* Assets.xcassets */; };
		A0000210 /* MenuBarView.swift in Sources */ = {isa = PBXBuildFile; fileRef = A0000111 /* MenuBarView.swift */; };
		A0000211 /* PreferencesView.swift in Sources */ = {isa = PBXBuildFile; fileRef = A0000112 /* PreferencesView.swift */; };
		A0000212 /* DownloadRule.swift in Sources */ = {isa = PBXBuildFile; fileRef = A0000113 /* DownloadRule.swift */; };
		A0000213 /* AppSettings.swift in Sources */ = {isa = PBXBuildFile; fileRef = A0000114 /* AppSettings.swift */; };
		A0000214 /* RcloneRC.swift in Sources */ = {isa = PBXBuildFile; fileRef = A0000115 /* RcloneRC.swift */; };
		A0000215 /* RcloneDaemon.swift in Sources */ = {isa = PBXBuildFile; fileRef = A0000116 /* RcloneDaemon.swift */; };
		A0000216 /* RcloneManager.swift in Sources */ = {isa = PBXBuildFile; fileRef = A0000117 /* RcloneManager.swift */; };
		A0000217 /* CloudRemote.swift in Sources */ = {isa = PBXBuildFile; fileRef = A0000118 /* CloudRemote.swift */; };
		A0000218 /* CloudView.swift in Sources */ = {isa = PBXBuildFile; fileRef = A0000119 /* CloudView.swift */; };
		A0000219 /* CloudAccountsTab.swift in Sources */ = {isa = PBXBuildFile; fileRef = A0000120 /* CloudAccountsTab.swift */; };
		A0000220 /* Binaries in Resources */ = {isa = PBXBuildFile; fileRef = A0000121 /* Binaries */; };
		B0000300 /* ShareViewController.swift in Sources */ = {isa = PBXBuildFile; fileRef = B0000100 /* ShareViewController.swift */; };
/* End PBXBuildFile section */

/* Begin PBXContainerItemProxy section */
		B0000400 /* PBXContainerItemProxy */ = {
			isa = PBXContainerItemProxy;
			containerPortal = A0000001 /* Project object */;
			proxyType = 1;
			remoteGlobalIDString = B0000010;
			remoteInfo = Swift2AriaShare;
		};
/* End PBXContainerItemProxy section */

/* Begin PBXCopyFilesBuildPhase section */
		B0000050 /* Embed App Extensions */ = {
			isa = PBXCopyFilesBuildPhase;
			buildActionMask = 2147483647;
			dstPath = "";
			dstSubfolderSpec = 13;
			files = (
				B0000051 /* Swift2AriaShare.appex in Embed App Extensions */,
			);
			name = "Embed App Extensions";
			runOnlyForDeploymentPostprocessing = 0;
		};
/* End PBXCopyFilesBuildPhase section */

/* Begin PBXFileReference section */
		A0000011 /* Swift2Aria.app */ = {isa = PBXFileReference; explicitFileType = wrapper.application; includeInIndex = 0; path = Swift2Aria.app; sourceTree = BUILT_PRODUCTS_DIR; };
		A0000100 /* Swift2AriaApp.swift */ = {isa = PBXFileReference; lastKnownFileType = sourcecode.swift; path = Swift2AriaApp.swift; sourceTree = "<group>"; };
		A0000101 /* ContentView.swift */ = {isa = PBXFileReference; lastKnownFileType = sourcecode.swift; path = ContentView.swift; sourceTree = "<group>"; };
		A0000102 /* AddDownloadView.swift */ = {isa = PBXFileReference; lastKnownFileType = sourcecode.swift; path = AddDownloadView.swift; sourceTree = "<group>"; };
		A0000103 /* DownloadRow.swift */ = {isa = PBXFileReference; lastKnownFileType = sourcecode.swift; path = DownloadRow.swift; sourceTree = "<group>"; };
		A0000104 /* SettingsView.swift */ = {isa = PBXFileReference; lastKnownFileType = sourcecode.swift; path = SettingsView.swift; sourceTree = "<group>"; };
		A0000105 /* Download.swift */ = {isa = PBXFileReference; lastKnownFileType = sourcecode.swift; path = Download.swift; sourceTree = "<group>"; };
		A0000106 /* Aria2RPC.swift */ = {isa = PBXFileReference; lastKnownFileType = sourcecode.swift; path = Aria2RPC.swift; sourceTree = "<group>"; };
		A0000107 /* Aria2Daemon.swift */ = {isa = PBXFileReference; lastKnownFileType = sourcecode.swift; path = Aria2Daemon.swift; sourceTree = "<group>"; };
		A0000108 /* Aria2Manager.swift */ = {isa = PBXFileReference; lastKnownFileType = sourcecode.swift; path = Aria2Manager.swift; sourceTree = "<group>"; };
		A0000109 /* Assets.xcassets */ = {isa = PBXFileReference; lastKnownFileType = folder.assetcatalog; path = Assets.xcassets; sourceTree = "<group>"; };
		A0000110 /* Swift2Aria.entitlements */ = {isa = PBXFileReference; lastKnownFileType = text.plist.entitlements; path = Swift2Aria.entitlements; sourceTree = "<group>"; };
		A0000111 /* MenuBarView.swift */ = {isa = PBXFileReference; lastKnownFileType = sourcecode.swift; path = MenuBarView.swift; sourceTree = "<group>"; };
		A0000112 /* PreferencesView.swift */ = {isa = PBXFileReference; lastKnownFileType = sourcecode.swift; path = PreferencesView.swift; sourceTree = "<group>"; };
		A0000113 /* DownloadRule.swift */ = {isa = PBXFileReference; lastKnownFileType = sourcecode.swift; path = DownloadRule.swift; sourceTree = "<group>"; };
		A0000114 /* AppSettings.swift */ = {isa = PBXFileReference; lastKnownFileType = sourcecode.swift; path = AppSettings.swift; sourceTree = "<group>"; };
		A0000115 /* RcloneRC.swift */ = {isa = PBXFileReference; lastKnownFileType = sourcecode.swift; path = RcloneRC.swift; sourceTree = "<group>"; };
		A0000116 /* RcloneDaemon.swift */ = {isa = PBXFileReference; lastKnownFileType = sourcecode.swift; path = RcloneDaemon.swift; sourceTree = "<group>"; };
		A0000117 /* RcloneManager.swift */ = {isa = PBXFileReference; lastKnownFileType = sourcecode.swift; path = RcloneManager.swift; sourceTree = "<group>"; };
		A0000118 /* CloudRemote.swift */ = {isa = PBXFileReference; lastKnownFileType = sourcecode.swift; path = CloudRemote.swift; sourceTree = "<group>"; };
		A0000119 /* CloudView.swift */ = {isa = PBXFileReference; lastKnownFileType = sourcecode.swift; path = CloudView.swift; sourceTree = "<group>"; };
		A0000120 /* CloudAccountsTab.swift */ = {isa = PBXFileReference; lastKnownFileType = sourcecode.swift; path = CloudAccountsTab.swift; sourceTree = "<group>"; };
		A0000121 /* Binaries */ = {isa = PBXFileReference; lastKnownFileType = folder; path = Binaries; sourceTree = "<group>"; };
		B0000011 /* Swift2AriaShare.appex */ = {isa = PBXFileReference; explicitFileType = "wrapper.app-extension"; includeInIndex = 0; path = Swift2AriaShare.appex; sourceTree = BUILT_PRODUCTS_DIR; };
		B0000100 /* ShareViewController.swift */ = {isa = PBXFileReference; lastKnownFileType = sourcecode.swift; path = ShareViewController.swift; sourceTree = "<group>"; };
		B0000101 /* Info.plist */ = {isa = PBXFileReference; lastKnownFileType = text.plist.xml; path = Info.plist; sourceTree = "<group>"; };
		B0000102 /* Swift2AriaShare.entitlements */ = {isa = PBXFileReference; lastKnownFileType = text.plist.entitlements; path = Swift2AriaShare.entitlements; sourceTree = "<group>"; };
/* End PBXFileReference section */

/* Begin PBXFrameworksBuildPhase section */
		A0000042 /* Frameworks */ = {
			isa = PBXFrameworksBuildPhase;
			buildActionMask = 2147483647;
			files = (
			);
			runOnlyForDeploymentPostprocessing = 0;
		};
		B0000042 /* Frameworks */ = {
			isa = PBXFrameworksBuildPhase;
			buildActionMask = 2147483647;
			files = (
			);
			runOnlyForDeploymentPostprocessing = 0;
		};
/* End PBXFrameworksBuildPhase section */

/* Begin PBXGroup section */
		A0000002 /* = */ = {
			isa = PBXGroup;
			children = (
				A0000004 /* Swift2Aria */,
				B0000004 /* Swift2AriaShare */,
				A0000003 /* Products */,
			);
			sourceTree = "<group>";
		};
		A0000003 /* Products */ = {
			isa = PBXGroup;
			children = (
				A0000011 /* Swift2Aria.app */,
				B0000011 /* Swift2AriaShare.appex */,
			);
			name = Products;
			sourceTree = "<group>";
		};
		A0000004 /* Swift2Aria */ = {
			isa = PBXGroup;
			children = (
				A0000100 /* Swift2AriaApp.swift */,
				A0000005 /* Views */,
				A0000006 /* Models */,
				A0000007 /* Services */,
				A0000008 /* Resources */,
				A0000110 /* Swift2Aria.entitlements */,
			);
			path = Swift2Aria;
			sourceTree = "<group>";
		};
		A0000005 /* Views */ = {
			isa = PBXGroup;
			children = (
				A0000101 /* ContentView.swift */,
				A0000102 /* AddDownloadView.swift */,
				A0000103 /* DownloadRow.swift */,
				A0000104 /* SettingsView.swift */,
				A0000111 /* MenuBarView.swift */,
				A0000112 /* PreferencesView.swift */,
				A0000119 /* CloudView.swift */,
				A0000120 /* CloudAccountsTab.swift */,
			);
			path = Views;
			sourceTree = "<group>";
		};
		A0000006 /* Models */ = {
			isa = PBXGroup;
			children = (
				A0000105 /* Download.swift */,
				A0000113 /* DownloadRule.swift */,
				A0000114 /* AppSettings.swift */,
				A0000118 /* CloudRemote.swift */,
			);
			path = Models;
			sourceTree = "<group>";
		};
		A0000007 /* Services */ = {
			isa = PBXGroup;
			children = (
				A0000106 /* Aria2RPC.swift */,
				A0000107 /* Aria2Daemon.swift */,
				A0000108 /* Aria2Manager.swift */,
				A0000115 /* RcloneRC.swift */,
				A0000116 /* RcloneDaemon.swift */,
				A0000117 /* RcloneManager.swift */,
			);
			path = Services;
			sourceTree = "<group>";
		};
		A0000008 /* Resources */ = {
			isa = PBXGroup;
			children = (
				A0000109 /* Assets.xcassets */,
				A0000121 /* Binaries */,
			);
			path = Resources;
			sourceTree = "<group>";
		};
		B0000004 /* Swift2AriaShare */ = {
			isa = PBXGroup;
			children = (
				B0000100 /* ShareViewController.swift */,
				B0000101 /* Info.plist */,
				B0000102 /* Swift2AriaShare.entitlements */,
			);
			path = Swift2AriaShare;
			sourceTree = "<group>";
		};
/* End PBXGroup section */

/* Begin PBXNativeTarget section */
		A0000010 /* Swift2Aria */ = {
			isa = PBXNativeTarget;
			buildConfigurationList = A0000030 /* Build configuration list for PBXNativeTarget "Swift2Aria" */;
			buildPhases = (
				A0000040 /* Sources */,
				A0000042 /* Frameworks */,
				A0000041 /* Resources */,
				B0000050 /* Embed App Extensions */,
			);
			buildRules = (
			);
			dependencies = (
				B0000401 /* PBXTargetDependency */,
			);
			name = Swift2Aria;
			productName = Swift2Aria;
			productReference = A0000011 /* Swift2Aria.app */;
			productType = "com.apple.product-type.application";
		};
		B0000010 /* Swift2AriaShare */ = {
			isa = PBXNativeTarget;
			buildConfigurationList = B0000030 /* Build configuration list for PBXNativeTarget "Swift2AriaShare" */;
			buildPhases = (
				B0000040 /* Sources */,
				B0000042 /* Frameworks */,
			);
			buildRules = (
			);
			dependencies = (
			);
			name = Swift2AriaShare;
			productName = Swift2AriaShare;
			productReference = B0000011 /* Swift2AriaShare.appex */;
			productType = "com.apple.product-type.app-extension";
		};
/* End PBXNativeTarget section */

/* Begin PBXProject section */
		A0000001 /* Project object */ = {
			isa = PBXProject;
			attributes = {
				BuildIndependentTargetsInParallel = 1;
				LastSwiftUpdateCheck = 1540;
				LastUpgradeCheck = 1540;
				TargetAttributes = {
					A0000010 = {
						CreatedOnToolsVersion = 15.4;
					};
					B0000010 = {
						CreatedOnToolsVersion = 15.4;
					};
				};
			};
			buildConfigurationList = A0000020 /* Build configuration list for PBXProject "Swift2Aria" */;
			compatibilityVersion = "Xcode 14.0";
			developmentRegion = en;
			hasScannedForEncodings = 0;
			knownRegions = (
				en,
				Base,
			);
			mainGroup = A0000002;
			productRefGroup = A0000003 /* Products */;
			projectDirPath = "";
			projectRoot = "";
			targets = (
				A0000010 /* Swift2Aria */,
				B0000010 /* Swift2AriaShare */,
			);
		};
/* End PBXProject section */

/* Begin PBXResourcesBuildPhase section */
		A0000041 /* Resources */ = {
			isa = PBXResourcesBuildPhase;
			buildActionMask = 2147483647;
			files = (
				A0000209 /* Assets.xcassets in Resources */,
				A0000220 /* Binaries in Resources */,
			);
			runOnlyForDeploymentPostprocessing = 0;
		};
/* End PBXResourcesBuildPhase section */

/* Begin PBXSourcesBuildPhase section */
		A0000040 /* Sources */ = {
			isa = PBXSourcesBuildPhase;
			buildActionMask = 2147483647;
			files = (
				A0000200 /* Swift2AriaApp.swift in Sources */,
				A0000201 /* ContentView.swift in Sources */,
				A0000202 /* AddDownloadView.swift in Sources */,
				A0000203 /* DownloadRow.swift in Sources */,
				A0000204 /* SettingsView.swift in Sources */,
				A0000205 /* Download.swift in Sources */,
				A0000206 /* Aria2RPC.swift in Sources */,
				A0000207 /* Aria2Daemon.swift in Sources */,
				A0000208 /* Aria2Manager.swift in Sources */,
				A0000210 /* MenuBarView.swift in Sources */,
				A0000211 /* PreferencesView.swift in Sources */,
				A0000212 /* DownloadRule.swift in Sources */,
				A0000213 /* AppSettings.swift in Sources */,
				A0000214 /* RcloneRC.swift in Sources */,
				A0000215 /* RcloneDaemon.swift in Sources */,
				A0000216 /* RcloneManager.swift in Sources */,
				A0000217 /* CloudRemote.swift in Sources */,
				A0000218 /* CloudView.swift in Sources */,
				A0000219 /* CloudAccountsTab.swift in Sources */,
			);
			runOnlyForDeploymentPostprocessing = 0;
		};
		B0000040 /* Sources */ = {
			isa = PBXSourcesBuildPhase;
			buildActionMask = 2147483647;
			files = (
				B0000300 /* ShareViewController.swift in Sources */,
			);
			runOnlyForDeploymentPostprocessing = 0;
		};
/* End PBXSourcesBuildPhase section */

/* Begin PBXTargetDependency section */
		B0000401 /* PBXTargetDependency */ = {
			isa = PBXTargetDependency;
			target = B0000010 /* Swift2AriaShare */;
			targetProxy = B0000400 /* PBXContainerItemProxy */;
		};
/* End PBXTargetDependency section */

/* Begin PBXBuildFile section (embed) */
		B0000051 /* Swift2AriaShare.appex in Embed App Extensions */ = {isa = PBXBuildFile; fileRef = B0000011 /* Swift2AriaShare.appex */; settings = {ATTRIBUTES = (RemoveHeadersOnCopy, ); }; };
/* End PBXBuildFile section (embed) */

/* Begin XCBuildConfiguration section */
		A0000021 /* Debug */ = {
			isa = XCBuildConfiguration;
			buildSettings = {
				ALWAYS_SEARCH_USER_PATHS = NO;
				ASSETCATALOG_COMPILER_GENERATE_SWIFT_ASSET_SYMBOL_EXTENSIONS = YES;
				CLANG_ANALYZER_NONNULL = YES;
				CLANG_CXX_LANGUAGE_STANDARD = "gnu++20";
				CLANG_ENABLE_MODULES = YES;
				CLANG_ENABLE_OBJC_ARC = YES;
				CLANG_WARN_BLOCK_CAPTURE_AUTORELEASING = YES;
				CLANG_WARN_BOOL_CONVERSION = YES;
				CLANG_WARN_COMMA = YES;
				CLANG_WARN_CONSTANT_CONVERSION = YES;
				CLANG_WARN_DEPRECATED_OBJC_IMPLEMENTATIONS = YES;
				CLANG_WARN_DIRECT_OBJC_ISA_USAGE = YES_ERROR;
				CLANG_WARN_EMPTY_BODY = YES;
				CLANG_WARN_ENUM_CONVERSION = YES;
				CLANG_WARN_INFINITE_RECURSION = YES;
				CLANG_WARN_INT_CONVERSION = YES;
				CLANG_WARN_OBJC_IMPLICIT_RETAIN_SELF = YES;
				CLANG_WARN_OBJC_LITERAL_CONVERSION = YES;
				CLANG_WARN_OBJC_ROOT_CLASS = YES_ERROR;
				CLANG_WARN_QUOTED_INCLUDE_IN_FRAMEWORK_HEADER = YES;
				CLANG_WARN_RANGE_LOOP_ANALYSIS = YES;
				CLANG_WARN_STRICT_PROTOTYPES = YES;
				CLANG_WARN_SUSPICIOUS_MOVE = YES;
				CLANG_WARN_UNREACHABLE_CODE = YES;
				CLANG_WARN__DUPLICATE_METHOD_MATCH = YES;
				COPY_PHASE_STRIP = NO;
				DEBUG_INFORMATION_FORMAT = dwarf;
				ENABLE_STRICT_OBJC_MSGSEND = YES;
				ENABLE_TESTABILITY = YES;
				ENABLE_USER_SCRIPT_SANDBOXING = YES;
				GCC_DYNAMIC_NO_PIC = NO;
				GCC_NO_COMMON_BLOCKS = YES;
				GCC_OPTIMIZATION_LEVEL = 0;
				GCC_WARN_64_TO_32_BIT_CONVERSION = YES;
				GCC_WARN_ABOUT_RETURN_TYPE = YES_ERROR;
				GCC_WARN_UNDECLARED_SELECTOR = YES;
				GCC_WARN_UNINITIALIZED_AUTOS = YES_AGGRESSIVE;
				GCC_WARN_UNUSED_FUNCTION = YES;
				GCC_WARN_UNUSED_VARIABLE = YES;
				MACOSX_DEPLOYMENT_TARGET = 14.0;
				MTL_ENABLE_DEBUG_INFO = INCLUDE_SOURCE;
				MTL_FAST_MATH = YES;
				ONLY_ACTIVE_ARCH = YES;
				SDKROOT = macosx;
				SWIFT_ACTIVE_COMPILATION_CONDITIONS = "DEBUG $(inherited)";
				SWIFT_OPTIMIZATION_LEVEL = "-Onone";
			};
			name = Debug;
		};
		A0000022 /* Release */ = {
			isa = XCBuildConfiguration;
			buildSettings = {
				ALWAYS_SEARCH_USER_PATHS = NO;
				ASSETCATALOG_COMPILER_GENERATE_SWIFT_ASSET_SYMBOL_EXTENSIONS = YES;
				CLANG_ANALYZER_NONNULL = YES;
				CLANG_CXX_LANGUAGE_STANDARD = "gnu++20";
				CLANG_ENABLE_MODULES = YES;
				CLANG_ENABLE_OBJC_ARC = YES;
				CLANG_WARN_BLOCK_CAPTURE_AUTORELEASING = YES;
				CLANG_WARN_BOOL_CONVERSION = YES;
				CLANG_WARN_COMMA = YES;
				CLANG_WARN_CONSTANT_CONVERSION = YES;
				CLANG_WARN_DEPRECATED_OBJC_IMPLEMENTATIONS = YES;
				CLANG_WARN_DIRECT_OBJC_ISA_USAGE = YES_ERROR;
				CLANG_WARN_EMPTY_BODY = YES;
				CLANG_WARN_ENUM_CONVERSION = YES;
				CLANG_WARN_INFINITE_RECURSION = YES;
				CLANG_WARN_INT_CONVERSION = YES;
				CLANG_WARN_OBJC_IMPLICIT_RETAIN_SELF = YES;
				CLANG_WARN_OBJC_LITERAL_CONVERSION = YES;
				CLANG_WARN_OBJC_ROOT_CLASS = YES_ERROR;
				CLANG_WARN_QUOTED_INCLUDE_IN_FRAMEWORK_HEADER = YES;
				CLANG_WARN_RANGE_LOOP_ANALYSIS = YES;
				CLANG_WARN_STRICT_PROTOTYPES = YES;
				CLANG_WARN_SUSPICIOUS_MOVE = YES;
				CLANG_WARN_UNREACHABLE_CODE = YES;
				CLANG_WARN__DUPLICATE_METHOD_MATCH = YES;
				COPY_PHASE_STRIP = NO;
				DEBUG_INFORMATION_FORMAT = "dwarf-with-dsym";
				ENABLE_NS_ASSERTIONS = NO;
				ENABLE_STRICT_OBJC_MSGSEND = YES;
				ENABLE_USER_SCRIPT_SANDBOXING = YES;
				GCC_NO_COMMON_BLOCKS = YES;
				GCC_WARN_64_TO_32_BIT_CONVERSION = YES;
				GCC_WARN_ABOUT_RETURN_TYPE = YES_ERROR;
				GCC_WARN_UNDECLARED_SELECTOR = YES;
				GCC_WARN_UNINITIALIZED_AUTOS = YES_AGGRESSIVE;
				GCC_WARN_UNUSED_FUNCTION = YES;
				GCC_WARN_UNUSED_VARIABLE = YES;
				MACOSX_DEPLOYMENT_TARGET = 14.0;
				MTL_FAST_MATH = YES;
				SDKROOT = macosx;
				SWIFT_COMPILATION_MODE = wholemodule;
			};
			name = Release;
		};
		A0000031 /* Debug */ = {
			isa = XCBuildConfiguration;
			buildSettings = {
				ASSETCATALOG_COMPILER_APPICON_NAME = AppIcon;
				ASSETCATALOG_COMPILER_GLOBAL_ACCENT_COLOR_NAME = AccentColor;
				CODE_SIGN_ENTITLEMENTS = Swift2Aria/Swift2Aria.entitlements;
				CODE_SIGN_STYLE = Automatic;
				COMBINE_HIDPI_IMAGES = YES;
				CURRENT_PROJECT_VERSION = 1;
				DEVELOPMENT_ASSET_PATHS = "";
				ENABLE_HARDENED_RUNTIME = YES;
				GENERATE_INFOPLIST_FILE = YES;
				INFOPLIST_KEY_CFBundleDisplayName = "Aria2 Mac";
				INFOPLIST_KEY_LSApplicationCategoryType = "public.app-category.utilities";
				INFOPLIST_KEY_NSHumanReadableCopyright = "";
				LD_RUNPATH_SEARCH_PATHS = (
					"$(inherited)",
					"@executable_path/../Frameworks",
				);
				MARKETING_VERSION = 1.0;
				PRODUCT_BUNDLE_IDENTIFIER = com.trustakt.aria2mac;
				PRODUCT_NAME = "$(TARGET_NAME)";
				SWIFT_EMIT_LOC_STRINGS = YES;
				SWIFT_VERSION = 5.0;
			};
			name = Debug;
		};
		A0000032 /* Release */ = {
			isa = XCBuildConfiguration;
			buildSettings = {
				ASSETCATALOG_COMPILER_APPICON_NAME = AppIcon;
				ASSETCATALOG_COMPILER_GLOBAL_ACCENT_COLOR_NAME = AccentColor;
				CODE_SIGN_ENTITLEMENTS = Swift2Aria/Swift2Aria.entitlements;
				CODE_SIGN_STYLE = Automatic;
				COMBINE_HIDPI_IMAGES = YES;
				CURRENT_PROJECT_VERSION = 1;
				DEVELOPMENT_ASSET_PATHS = "";
				ENABLE_HARDENED_RUNTIME = YES;
				GENERATE_INFOPLIST_FILE = YES;
				INFOPLIST_KEY_CFBundleDisplayName = "Aria2 Mac";
				INFOPLIST_KEY_LSApplicationCategoryType = "public.app-category.utilities";
				INFOPLIST_KEY_NSHumanReadableCopyright = "";
				LD_RUNPATH_SEARCH_PATHS = (
					"$(inherited)",
					"@executable_path/../Frameworks",
				);
				MARKETING_VERSION = 1.0;
				PRODUCT_BUNDLE_IDENTIFIER = com.trustakt.aria2mac;
				PRODUCT_NAME = "$(TARGET_NAME)";
				SWIFT_EMIT_LOC_STRINGS = YES;
				SWIFT_VERSION = 5.0;
			};
			name = Release;
		};
		B0000031 /* Debug */ = {
			isa = XCBuildConfiguration;
			buildSettings = {
				CODE_SIGN_ENTITLEMENTS = Swift2AriaShare/Swift2AriaShare.entitlements;
				CODE_SIGN_STYLE = Automatic;
				CURRENT_PROJECT_VERSION = 1;
				GENERATE_INFOPLIST_FILE = YES;
				INFOPLIST_FILE = Swift2AriaShare/Info.plist;
				INFOPLIST_KEY_CFBundleDisplayName = "Download with Aria2";
				INFOPLIST_KEY_NSHumanReadableCopyright = "";
				LD_RUNPATH_SEARCH_PATHS = (
					"$(inherited)",
					"@executable_path/../Frameworks",
					"@executable_path/../../../../Frameworks",
				);
				MARKETING_VERSION = 1.0;
				PRODUCT_BUNDLE_IDENTIFIER = com.trustakt.aria2mac.share;
				PRODUCT_NAME = "$(TARGET_NAME)";
				SKIP_INSTALL = YES;
				SWIFT_EMIT_LOC_STRINGS = YES;
				SWIFT_VERSION = 5.0;
			};
			name = Debug;
		};
		B0000032 /* Release */ = {
			isa = XCBuildConfiguration;
			buildSettings = {
				CODE_SIGN_ENTITLEMENTS = Swift2AriaShare/Swift2AriaShare.entitlements;
				CODE_SIGN_STYLE = Automatic;
				CURRENT_PROJECT_VERSION = 1;
				GENERATE_INFOPLIST_FILE = YES;
				INFOPLIST_FILE = Swift2AriaShare/Info.plist;
				INFOPLIST_KEY_CFBundleDisplayName = "Download with Aria2";
				INFOPLIST_KEY_NSHumanReadableCopyright = "";
				LD_RUNPATH_SEARCH_PATHS = (
					"$(inherited)",
					"@executable_path/../Frameworks",
					"@executable_path/../../../../Frameworks",
				);
				MARKETING_VERSION = 1.0;
				PRODUCT_BUNDLE_IDENTIFIER = com.trustakt.aria2mac.share;
				PRODUCT_NAME = "$(TARGET_NAME)";
				SKIP_INSTALL = YES;
				SWIFT_EMIT_LOC_STRINGS = YES;
				SWIFT_VERSION = 5.0;
			};
			name = Release;
		};
/* End XCBuildConfiguration section */

/* Begin XCConfigurationList section */
		A0000020 /* Build configuration list for PBXProject "Swift2Aria" */ = {
			isa = XCConfigurationList;
			buildConfigurations = (
				A0000021 /* Debug */,
				A0000022 /* Release */,
			);
			defaultConfigurationIsVisible = 0;
			defaultConfigurationName = Release;
		};
		A0000030 /* Build configuration list for PBXNativeTarget "Swift2Aria" */ = {
			isa = XCConfigurationList;
			buildConfigurations = (
				A0000031 /* Debug */,
				A0000032 /* Release */,
			);
			defaultConfigurationIsVisible = 0;
			defaultConfigurationName = Release;
		};
		B0000030 /* Build configuration list for PBXNativeTarget "Swift2AriaShare" */ = {
			isa = XCConfigurationList;
			buildConfigurations = (
				B0000031 /* Debug */,
				B0000032 /* Release */,
			);
			defaultConfigurationIsVisible = 0;
			defaultConfigurationName = Release;
		};
/* End XCConfigurationList section */

	};
	rootObject = A0000001 /* Project object */;
}
